<?xml version="1.0" encoding="UTF-8" standalone="yes" ?>
<CodeBlocks_project_file>
	<FileVersion major="1" minor="6" />
	<Project>
		<Option title="udp_unit_test" />
		<Option pch_mode="2" />
		<Option compiler="gcc" />
		<Build>
			<Target title="Debug">
				<Option output="bin/Debug/udp_unit_test" prefix_auto="1" extension_auto="1" />
				<Option object_output="obj/Debug/" />
				<Option type="1" />
				<Option compiler="gcc" />
				<Compiler>
					<Add option="-g" />
				</Compiler>
			</Target>
			<Target title="Release">
				<Option output="bin/Release/udp_unit_test" prefix_auto="1" extension_auto="1" />
				<Option object_output="obj/Release/" />
				<Option type="1" />
				<Option compiler="gcc" />
				<Compiler>
					<Add option="-O2" />
				</Compiler>
				<Linker>
					<Add option="-s" />
				</Linker>
			</Target>
		</Build>
		<Compiler>
			<Add option="-Wall" />
			<Add option="-I ." />
		</Compiler>
		<Linker>
			<Add option="-lpthread" />
		</Linker>
		<Unit filename="General/genericStaticArrayBuffer.c">
			<Option compilerVar="CC" />
		</Unit>
		<Unit filename="General/genericStaticArrayBuffer.h" />
		<Unit filename="Test/tests.c">
			<Option compilerVar="CC" />
		</Unit>
		<Unit filename="Test/tests.h" />
		<Unit filename="UdpLib/udp_lib.h" />
		<Unit filename="UdpLibImpl/udp_lib_posix_socket_impl.c">
			<Option compilerVar="CC" />
		</Unit>
		<Unit filename="UdpLibImpl/udp_lib_posix_socket_impl.h" />
		<Unit filename="UdpLibImpl/unit_test/main.c">
			<Option compilerVar="CC" />
		</Unit>
		<Unit filename="UdpLibImpl/unit_test/test_control_interface.h" />
		<Unit filename="UdpLibImpl/unit_test/test_impl.c">
			<Option compilerVar="CC" />
		</Unit>
		<Unit filename="UdpLibImpl/unit_test/test_impl.h" />
		<Unit filename="UdpLibImpl/unit_test/test_mode.c">
			<Option compilerVar="CC" />
		</Unit>
		<Unit filename="UdpLibImpl/unit_test/test_mode.h" />
		<Unit filename="UdpLibImpl/unit_test/udp_tests.c">
			<Option compilerVar="CC" />
		</Unit>
		<Unit filename="UdpLibImpl/unit_test/udp_tests.h" />
		<Extensions>
			<code_completion />
			<debugger />
		</Extensions>
	</Project>
</CodeBlocks_project_file>
